# This file is autogenerated, do not edit; changes may be undone by the next 'dep ensure'.


[[projects]]
  name = "github.com/jmespath/go-jmespath"
  packages = ["."]
  revision = "d6516e1c"

[solve-meta]
  analyzer-name = "dep"
  analyzer-version = 1
  inputs-digest = "7eef251e392636a938c8848d17eec0b01c7aa8d9423e7f4b51113d057eeb5c5e"
  solver-name = "gps-cdcl"
  solver-version = 1
